{
  "nodes": {
    "home-manager": {
      "inputs": {
        "nixpkgs": "nixpkgs"
      },
      "locked": {
        "lastModified": 1636274622,
        "narHash": "sha256-tZYuGhqcfH7piCsrUrIYM0P3oPJcoBxGkuxeFNVxkCc=",
        "owner": "nix-community",
        "repo": "home-manager",
        "rev": "2917ef23b398a22ee33fb34b5766b28728228ab1",
        "type": "github"
      },
      "original": {
        "owner": "nix-community",
        "repo": "home-manager",
        "type": "github"
      }
    },
    "nixos-hardware": {
      "locked": {
        "lastModified": 1635449388,
        "narHash": "sha256-i7hMiAgpRTGsMPTQKuNCDfW/ftQ+g9N6iaMj+RN6yws=",
        "owner": "NixOS",
        "repo": "nixos-hardware",
        "rev": "518b9c2159e7d4b7696ee18b8828f9086012923b",
        "type": "github"
      },
      "original": {
        "owner": "NixOS",
        "ref": "master",
        "repo": "nixos-hardware",
        "type": "github"
      }
    },
    "nixpkgs": {
      "locked": {
        "lastModified": 1636275105,
        "narHash": "sha256-nUnUFppWH9Kz46GfLv/BI6oQFBa2RBU5YzLNeHQ7T/U=",
        "owner": "NixOS",
        "repo": "nixpkgs",
        "rev": "031c605049318d8903a9c692b90bef3e35dc2ad6",
        "type": "github"
      },
      "original": {
        "id": "nixpkgs",
        "type": "indirect"
      }
    },
    "nixpkgs_2": {
      "locked": {
        "lastModified": 1636214769,
        "narHash": "sha256-6CHvmF47Apnw+o8o5J0twIfbCBW4PYrZU7JiF4XtTcw=",
        "owner": "NixOS",
        "repo": "nixpkgs",
        "rev": "c6c29d5845a0f4691e019471b60033c26a5a6d53",
        "type": "github"
      },
      "original": {
        "owner": "NixOS",
        "ref": "nixos-unstable-small",
        "repo": "nixpkgs",
        "type": "github"
      }
    },
    "root": {
      "inputs": {
        "home-manager": "home-manager",
        "nixos-hardware": "nixos-hardware",
        "nixpkgs": "nixpkgs_2"
      }
    }
  },
  "root": "root",
  "version": 7
}
