{
  "nodes": {
    "home-manager": {
      "inputs": {
        "nixpkgs": "nixpkgs"
      },
      "locked": {
        "lastModified": 1635522650,
        "narHash": "sha256-9tDPrrPSszMYvdub0sh39e4/0MSomvqQvDjlm3xGH6c=",
        "owner": "nix-community",
        "repo": "home-manager",
        "rev": "bc0acdad8c001843d4e22cfa20a6ce84b462ab19",
        "type": "github"
      },
      "original": {
        "owner": "nix-community",
        "repo": "home-manager",
        "type": "github"
      }
    },
    "nixos-hardware": {
      "locked": {
        "lastModified": 1635449388,
        "narHash": "sha256-i7hMiAgpRTGsMPTQKuNCDfW/ftQ+g9N6iaMj+RN6yws=",
        "owner": "NixOS",
        "repo": "nixos-hardware",
        "rev": "518b9c2159e7d4b7696ee18b8828f9086012923b",
        "type": "github"
      },
      "original": {
        "owner": "NixOS",
        "ref": "master",
        "repo": "nixos-hardware",
        "type": "github"
      }
    },
    "nixpkgs": {
      "locked": {
        "lastModified": 1635602892,
        "narHash": "sha256-eUcApwqXtZiWnyz5HQoPu9HjF885y73WHdrXl6AVgoE=",
        "owner": "NixOS",
        "repo": "nixpkgs",
        "rev": "bc943cd3184421ee2329942e9b31d4d98ce49e95",
        "type": "github"
      },
      "original": {
        "id": "nixpkgs",
        "type": "indirect"
      }
    },
    "nixpkgs_2": {
      "locked": {
        "lastModified": 1635587056,
        "narHash": "sha256-2RzriuQ8OEvY+wRUTpCgIiNNuFukKa7CiEAA0b2gsew=",
        "owner": "NixOS",
        "repo": "nixpkgs",
        "rev": "e49cd51ebcbb916e2481555aad8d9548807e9d12",
        "type": "github"
      },
      "original": {
        "owner": "NixOS",
        "ref": "nixos-unstable-small",
        "repo": "nixpkgs",
        "type": "github"
      }
    },
    "root": {
      "inputs": {
        "home-manager": "home-manager",
        "nixos-hardware": "nixos-hardware",
        "nixpkgs": "nixpkgs_2"
      }
    }
  },
  "root": "root",
  "version": 7
}
