{
  "nodes": {
    "home-manager": {
      "inputs": {
        "nixpkgs": "nixpkgs"
      },
      "locked": {
        "lastModified": 1637721183,
        "narHash": "sha256-4CAKKxrt9l0Hbl57Uypo7ol93Ko+5Yn+7xWWCMUyHQ8=",
        "owner": "nix-community",
        "repo": "home-manager",
        "rev": "df931a59a5864d6ff0c5d83598135816f8593647",
        "type": "github"
      },
      "original": {
        "owner": "nix-community",
        "repo": "home-manager",
        "type": "github"
      }
    },
    "nixos-hardware": {
      "locked": {
        "lastModified": 1637564544,
        "narHash": "sha256-wwdjkfdQEbFn+Gr1iBiA5DGgl+Q7PASL83Swo/Wqwy0=",
        "owner": "NixOS",
        "repo": "nixos-hardware",
        "rev": "08cda8e3a5a4e685af525e5a589dfeb74267d505",
        "type": "github"
      },
      "original": {
        "owner": "NixOS",
        "ref": "master",
        "repo": "nixos-hardware",
        "type": "github"
      }
    },
    "nixpkgs": {
      "locked": {
        "lastModified": 1637739993,
        "narHash": "sha256-v2HUu3dXrVt9gjXf3QR2URBxjD/NnHbF635LHzQBhpc=",
        "owner": "NixOS",
        "repo": "nixpkgs",
        "rev": "40c3bc3b0876f82b7ebf6816ab32a3c0c6e91133",
        "type": "github"
      },
      "original": {
        "id": "nixpkgs",
        "type": "indirect"
      }
    },
    "nixpkgs_2": {
      "locked": {
        "lastModified": 1637692247,
        "narHash": "sha256-NQmfA2RHAMuFcptksFQoWzG1c0Qjn2KEWXUVFujEMF4=",
        "owner": "NixOS",
        "repo": "nixpkgs",
        "rev": "db22325869a05e376dbab1c31ea7664dd5fcf860",
        "type": "github"
      },
      "original": {
        "owner": "NixOS",
        "ref": "nixos-unstable-small",
        "repo": "nixpkgs",
        "type": "github"
      }
    },
    "root": {
      "inputs": {
        "home-manager": "home-manager",
        "nixos-hardware": "nixos-hardware",
        "nixpkgs": "nixpkgs_2"
      }
    }
  },
  "root": "root",
  "version": 7
}
