name: "Lock Updater"
on:
  workflow_dispatch:
jobs:
  update:
    runs-on: ubuntu-latest
    steps:
    - uses: actions/checkout@v2.3.4
    - name: Install nix
      uses: cachix/install-nix-action@v14
      with:
        install_url: https://github.com/numtide/nix-unstable-installer/releases/latest/download/install
        extra_nix_config: |
          experimental-features = nix-command flakes
          access-tokens = github.com=${{ secrets.GITHUB_TOKEN }}
          system-features = nixos-test benchmark big-parallel kvm
    - name: Set up git
      run: |
        git config user.name github-actions
        git config user.email github-actions@github.com
    - name: Update lock file
      run: nix flake update --commit-lock-file
    - name: Push changes
      run: git push
      
