name: "Lock Updater"
on:
  workflow_dispatch:
  schedule:
    - cron:  '0 * * * *'
jobs:
  update:
    runs-on: ubuntu-latest
    steps:
    - uses: actions/checkout@v2
    - name: Install nix
      uses: cachix/install-nix-action@v13
      with:
        install_url: https://github.com/numtide/nix-unstable-installer/releases/latest/download/install
        extra_nix_config: |
          experimental-features = flakes nix-command
          system-features = nixos-test benchmark big-parallel kvm
    - name: Update lock file
      run: |
        git config user.name github-actions
        git config user.email github-actions@github.com
        nix flake update --commit-lock-file
    - name: Push changes
      run: git push
      
